
Microsoft Visual Studio Solution File, Format Version 12.00
# Visual Studio Version 17
VisualStudioVersion = 17.0.31903.59
MinimumVisualStudioVersion = 10.0.40219.1
Project("{FAE04EC0-301F-11D3-BF4B-00C04F79EFBC}") = "API", "API\API.csproj", "{602EFE86-29F7-4380-BA78-4F70A4E77020}"
EndProject
Project("{FAE04EC0-301F-11D3-BF4B-00C04F79EFBC}") = "Core", "Core\Core.csproj", "{572CC8C2-51DA-4EAB-9208-774A4DEDC6D5}"
EndProject
Project("{FAE04EC0-301F-11D3-BF4B-00C04F79EFBC}") = "Infrastructure", "Infrastructure\Infrastructure.csproj", "{B3252E6C-85FE-4B9B-8C82-7BD2134E60B6}"
EndProject
Global
	GlobalSection(SolutionConfigurationPlatforms) = preSolution
		Debug|Any CPU = Debug|Any CPU
		Release|Any CPU = Release|Any CPU
	EndGlobalSection
	GlobalSection(ProjectConfigurationPlatforms) = postSolution
		{602EFE86-29F7-4380-BA78-4F70A4E77020}.Debug|Any CPU.ActiveCfg = Debug|Any CPU
		{602EFE86-29F7-4380-BA78-4F70A4E77020}.Debug|Any CPU.Build.0 = Debug|Any CPU
		{602EFE86-29F7-4380-BA78-4F70A4E77020}.Release|Any CPU.ActiveCfg = Release|Any CPU
		{602EFE86-29F7-4380-BA78-4F70A4E77020}.Release|Any CPU.Build.0 = Release|Any CPU
		{572CC8C2-51DA-4EAB-9208-774A4DEDC6D5}.Debug|Any CPU.ActiveCfg = Debug|Any CPU
		{572CC8C2-51DA-4EAB-9208-774A4DEDC6D5}.Debug|Any CPU.Build.0 = Debug|Any CPU
		{572CC8C2-51DA-4EAB-9208-774A4DEDC6D5}.Release|Any CPU.ActiveCfg = Release|Any CPU
		{572CC8C2-51DA-4EAB-9208-774A4DEDC6D5}.Release|Any CPU.Build.0 = Release|Any CPU
		{B3252E6C-85FE-4B9B-8C82-7BD2134E60B6}.Debug|Any CPU.ActiveCfg = Debug|Any CPU
		{B3252E6C-85FE-4B9B-8C82-7BD2134E60B6}.Debug|Any CPU.Build.0 = Debug|Any CPU
		{B3252E6C-85FE-4B9B-8C82-7BD2134E60B6}.Release|Any CPU.ActiveCfg = Release|Any CPU
		{B3252E6C-85FE-4B9B-8C82-7BD2134E60B6}.Release|Any CPU.Build.0 = Release|Any CPU
	EndGlobalSection
	GlobalSection(SolutionProperties) = preSolution
		HideSolutionNode = FALSE
	EndGlobalSection
EndGlobal
